
Microsoft Visual Studio Solution File, Format Version 12.00
# Visual Studio Version 17
VisualStudioVersion = 17.14.36127.28 d17.14
MinimumVisualStudioVersion = 10.0.40219.1
Project("{FAE04EC0-301F-11D3-BF4B-00C04F79EFBC}") = "Exercises", "Exercises\Exercises.csproj", "{64A02689-3EF1-4B9F-9459-F82E2215646C}"
EndProject
Global
	GlobalSection(SolutionConfigurationPlatforms) = preSolution
		Debug|Any CPU = Debug|Any CPU
		Release|Any CPU = Release|Any CPU
	EndGlobalSection
	GlobalSection(ProjectConfigurationPlatforms) = postSolution
		{64A02689-3EF1-4B9F-9459-F82E2215646C}.Debug|Any CPU.ActiveCfg = Debug|Any CPU
		{64A02689-3EF1-4B9F-9459-F82E2215646C}.Debug|Any CPU.Build.0 = Debug|Any CPU
		{64A02689-3EF1-4B9F-9459-F82E2215646C}.Release|Any CPU.ActiveCfg = Release|Any CPU
		{64A02689-3EF1-4B9F-9459-F82E2215646C}.Release|Any CPU.Build.0 = Release|Any CPU
	EndGlobalSection
	GlobalSection(SolutionProperties) = preSolution
		HideSolutionNode = FALSE
	EndGlobalSection
	GlobalSection(ExtensibilityGlobals) = postSolution
		SolutionGuid = {C4B82A01-29F1-4A7A-B3F7-F4D14E01373A}
	EndGlobalSection
EndGlobal
